
Microsoft Visual Studio Solution File, Format Version 12.00
# Visual Studio Version 17
VisualStudioVersion = 17.0.32112.339
MinimumVisualStudioVersion = 10.0.40219.1
Project("{FAE04EC0-301F-11D3-BF4B-00C04F79EFBC}") = "Calendar", "Calendar\Calendar.csproj", "{1016FDA9-753D-4C5B-AF3A-C424C6588428}"
EndProject
Global
	GlobalSection(SolutionConfigurationPlatforms) = preSolution
		Debug|Any CPU = Debug|Any CPU
		Release|Any CPU = Release|Any CPU
	EndGlobalSection
	GlobalSection(ProjectConfigurationPlatforms) = postSolution
		{1016FDA9-753D-4C5B-AF3A-C424C6588428}.Debug|Any CPU.ActiveCfg = Debug|Any CPU
		{1016FDA9-753D-4C5B-AF3A-C424C6588428}.Debug|Any CPU.Build.0 = Debug|Any CPU
		{1016FDA9-753D-4C5B-AF3A-C424C6588428}.Release|Any CPU.ActiveCfg = Release|Any CPU
		{1016FDA9-753D-4C5B-AF3A-C424C6588428}.Release|Any CPU.Build.0 = Release|Any CPU
	EndGlobalSection
	GlobalSection(SolutionProperties) = preSolution
		HideSolutionNode = FALSE
	EndGlobalSection
	GlobalSection(ExtensibilityGlobals) = postSolution
		SolutionGuid = {5E0ED5C3-D7C2-41DC-AAC6-1551C0F79586}
	EndGlobalSection
EndGlobal
